<?xml version="1.0" encoding="utf-8"?>
<Project ToolsVersion="4.0" xmlns="http://schemas.microsoft.com/developer/msbuild/2003">
  <ItemGroup>
    <Filter Include="Source Files">
      <UniqueIdentifier>{4FC737F1-C7A5-4376-A066-2A32D752A2FF}</UniqueIdentifier>
      <Extensions>cpp;c;cc;cxx;c++;cppm;ixx;def;odl;idl;hpj;bat;asm;asmx</Extensions>
    </Filter>
    <Filter Include="Header Files">
      <UniqueIdentifier>{93995380-89BD-4b04-88EB-625FBE52EBFB}</UniqueIdentifier>
      <Extensions>h;hh;hpp;hxx;h++;hm;inl;inc;ipp;xsd</Extensions>
    </Filter>
    <Filter Include="Resource Files">
      <UniqueIdentifier>{67DA6AB6-F800-4c08-8B7A-83BB121AAD01}</UniqueIdentifier>
      <Extensions>rc;ico;cur;bmp;dlg;rc2;rct;bin;rgs;gif;jpg;jpeg;jpe;resx;tiff;tif;png;wav;mfcribbon-ms</Extensions>
    </Filter>
  </ItemGroup>
  <ItemGroup>
    <ClCompile Include="main.cpp">
      <Filter>Source Files</Filter>
    </ClCompile>
    <ClCompile Include="layout\container.cpp">
      <Filter>Source Files</Filter>
    </ClCompile>
    <ClCompile Include="layout\character-tab\characterContainer.cpp">
      <Filter>Source Files</Filter>
    </ClCompile>
    <ClCompile Include="layout\farm-spot-tab\farmSpotContainer.cpp">
      <Filter>Source Files</Filter>
    </ClCompile>
    <ClCompile Include="layout\settings-tab\settingsContainer.cpp">
      <Filter>Source Files</Filter>
    </ClCompile>
    <ClCompile Include="layout\help-tab\helpContainer.cpp">
      <Filter>Source Files</Filter>
    </ClCompile>
    <ClCompile Include="layout\info-tab\infoContainer.cpp">
      <Filter>Source Files</Filter>
    </ClCompile>
    <ClCompile Include="layout\character-tab\mageKeybindsContainer\mageKeybindsContainer.cpp">
      <Filter>Source Files</Filter>
    </ClCompile>
    <ClCompile Include="layout\character-tab\warriorKeybindsContainer\warriorKeybindsContainer.cpp">
      <Filter>Source Files</Filter>
    </ClCompile>
    <ClCompile Include="layout\info-tab\log-viewer\logViewer.cpp">
      <Filter>Source Files</Filter>
    </ClCompile>
    <ClCompile Include="lib\imgui\imgui.cpp">
      <Filter>Source Files</Filter>
    </ClCompile>
    <ClCompile Include="lib\imgui\imgui_demo.cpp">
      <Filter>Source Files</Filter>
    </ClCompile>
    <ClCompile Include="lib\imgui\imgui_draw.cpp">
      <Filter>Source Files</Filter>
    </ClCompile>
    <ClCompile Include="lib\imgui\imgui_impl_dx11.cpp">
      <Filter>Source Files</Filter>
    </ClCompile>
    <ClCompile Include="lib\imgui\imgui_impl_win32.cpp">
      <Filter>Source Files</Filter>
    </ClCompile>
    <ClCompile Include="lib\imgui\imgui_tables.cpp">
      <Filter>Source Files</Filter>
    </ClCompile>
    <ClCompile Include="lib\imgui\imgui_widgets.cpp">
      <Filter>Source Files</Filter>
    </ClCompile>
  </ItemGroup>
  <ItemGroup>
    <ClInclude Include="layout\container.h">
      <Filter>Header Files</Filter>
    </ClInclude>
    <ClInclude Include="layout\character-tab\characterContainer.h">
      <Filter>Header Files</Filter>
    </ClInclude>
    <ClInclude Include="layout\farm-spot-tab\farmSpotContainer.h">
      <Filter>Header Files</Filter>
    </ClInclude>
    <ClInclude Include="layout\settings-tab\settingsContainer.h">
      <Filter>Header Files</Filter>
    </ClInclude>
    <ClInclude Include="layout\help-tab\helpContainer.h">
      <Filter>Header Files</Filter>
    </ClInclude>
    <ClInclude Include="layout\info-tab\infoContainer.h">
      <Filter>Header Files</Filter>
    </ClInclude>
    <ClInclude Include="layout\character-tab\mageKeybindsContainer\mageKeybindsContainer.h">
      <Filter>Header Files</Filter>
    </ClInclude>
    <ClInclude Include="layout\character-tab\warriorKeybindsContainer\warriorKeybindsContainer.h">
      <Filter>Header Files</Filter>
    </ClInclude>
    <ClInclude Include="layout\info-tab\log-viewer\logViewer.h">
      <Filter>Header Files</Filter>
    </ClInclude>
    <ClInclude Include="resource\resource.h">
      <Filter>Header Files</Filter>
    </ClInclude>
    <ClInclude Include="lib\common.h">
      <Filter>Header Files</Filter>
    </ClInclude>
    <ClInclude Include="lib\SimpleIni.h">
      <Filter>Header Files</Filter>
    </ClInclude>
    <ClInclude Include="lib\imgui\include\imconfig.h">
      <Filter>Header Files</Filter>
    </ClInclude>
    <ClInclude Include="lib\imgui\include\imgui.h">
      <Filter>Header Files</Filter>
    </ClInclude>
    <ClInclude Include="lib\imgui\include\imgui_impl_dx11.h">
      <Filter>Header Files</Filter>
    </ClInclude>
    <ClInclude Include="lib\imgui\include\imgui_impl_win32.h">
      <Filter>Header Files</Filter>
    </ClInclude>
    <ClInclude Include="lib\imgui\include\imgui_internal.h">
      <Filter>Header Files</Filter>
    </ClInclude>
    <ClInclude Include="lib\imgui\include\imstb_rectpack.h">
      <Filter>Header Files</Filter>
    </ClInclude>
    <ClInclude Include="lib\imgui\include\imstb_textedit.h">
      <Filter>Header Files</Filter>
    </ClInclude>
    <ClInclude Include="lib\imgui\include\imstb_truetype.h">
      <Filter>Header Files</Filter>
    </ClInclude>
    <ClInclude Include="lib\injector\include\injector.h">
      <Filter>Header Files</Filter>
    </ClInclude>
  </ItemGroup>
  <ItemGroup>
    <Image Include="resource\icon.ico">
      <Filter>Resource Files</Filter>
    </Image>
    <Image Include="resource\dark_icon.ico">
      <Filter>Resource Files</Filter>
    </Image>
    <Image Include="resource\icon_128x128.ico">
      <Filter>Resource Files</Filter>
    </Image>
    <Image Include="resource\icon_48x48.ico">
      <Filter>Resource Files</Filter>
    </Image>
    <Image Include="resource\icon16x16.ico">
      <Filter>Resource Files</Filter>
    </Image>
    <Image Include="resource\icon24x24.ico">
      <Filter>Resource Files</Filter>
    </Image>
    <Image Include="resource\icon48x48.ico">
      <Filter>Resource Files</Filter>
    </Image>
    <Image Include="resource\icon64x64.ico">
      <Filter>Resource Files</Filter>
    </Image>
  </ItemGroup>
  <ItemGroup>
    <None Include="resource\gui.aps" />
  </ItemGroup>
  <ItemGroup>
    <ResourceCompile Include="resource\gui.rc">
      <Filter>Resource Files</Filter>
    </ResourceCompile>
  </ItemGroup>
</Project>